# This file is automatically @generated by Cargo.
# It is not intended for manual editing.
version = 4

[[package]]
name = "analog-solver"
version = "0.1.0"

[[package]]
name = "avr-port-tests"
version = "0.1.0"

[[package]]
name = "breadboard"
version = "0.1.0"
dependencies = [
 "analog-solver",
 "avr-port-tests",
 "circuit-components",
]

[[package]]
name = "circuit-components"
version = "0.1.0"
dependencies = [
 "analog-solver",
]
